
Microsoft Visual Studio Solution File, Format Version 12.00
# Visual Studio Version 17
VisualStudioVersion = 17.11.35312.102
MinimumVisualStudioVersion = 10.0.40219.1
Project("{FAE04EC0-301F-11D3-BF4B-00C04F79EFBC}") = "app", "app\app.csproj", "{198CAC5F-86F6-477D-B08C-6ECEEE14A499}"
EndProject
Global
	GlobalSection(SolutionConfigurationPlatforms) = preSolution
		Debug|Any CPU = Debug|Any CPU
		Release|Any CPU = Release|Any CPU
	EndGlobalSection
	GlobalSection(ProjectConfigurationPlatforms) = postSolution
		{198CAC5F-86F6-477D-B08C-6ECEEE14A499}.Debug|Any CPU.ActiveCfg = Debug|Any CPU
		{198CAC5F-86F6-477D-B08C-6ECEEE14A499}.Debug|Any CPU.Build.0 = Debug|Any CPU
		{198CAC5F-86F6-477D-B08C-6ECEEE14A499}.Release|Any CPU.ActiveCfg = Release|Any CPU
		{198CAC5F-86F6-477D-B08C-6ECEEE14A499}.Release|Any CPU.Build.0 = Release|Any CPU
	EndGlobalSection
	GlobalSection(SolutionProperties) = preSolution
		HideSolutionNode = FALSE
	EndGlobalSection
	GlobalSection(ExtensibilityGlobals) = postSolution
		SolutionGuid = {E92BD984-889D-4680-9EA2-209573CAD223}
	EndGlobalSection
EndGlobal
